// !$*UTF8*$!
{
	archiveVersion = 1;
	classes = {
	};
	objectVersion = 56;
	objects = {

/* Begin PBXBuildFile section */
		06C2687A2A75E3EB002932E7 /* FructusApp.swift in Sources */ = {isa = PBXBuildFile; fileRef = 06C268792A75E3EB002932E7 /* FructusApp.swift */; };
		06C2687C2A75E3EB002932E7 /* ContentView.swift in Sources */ = {isa = PBXBuildFile; fileRef = 06C2687B2A75E3EB002932E7 /* ContentView.swift */; };
		06C2687E2A75E3ED002932E7 /* Assets.xcassets in Resources */ = {isa = PBXBuildFile; fileRef = 06C2687D2A75E3ED002932E7 /* Assets.xcassets */; };
		06C268812A75E3ED002932E7 /* Preview Assets.xcassets in Resources */ = {isa = PBXBuildFile; fileRef = 06C268802A75E3ED002932E7 /* Preview Assets.xcassets */; };
		06C2688D2A75E620002932E7 /* FruitCardView.swift in Sources */ = {isa = PBXBuildFile; fileRef = 06C2688C2A75E620002932E7 /* FruitCardView.swift */; };
		06C2688F2A75E89C002932E7 /* StartButtonView.swift in Sources */ = {isa = PBXBuildFile; fileRef = 06C2688E2A75E89C002932E7 /* StartButtonView.swift */; };
		06C268912A75E9BD002932E7 /* OnboardingView.swift in Sources */ = {isa = PBXBuildFile; fileRef = 06C268902A75E9BD002932E7 /* OnboardingView.swift */; };
		06C268942A75EB2C002932E7 /* FruitModel.swift in Sources */ = {isa = PBXBuildFile; fileRef = 06C268932A75EB2C002932E7 /* FruitModel.swift */; };
		06C268972A75EBA6002932E7 /* FruitData.swift in Sources */ = {isa = PBXBuildFile; fileRef = 06C268962A75EBA6002932E7 /* FruitData.swift */; };
		06C268992A75EF67002932E7 /* FruitRowView.swift in Sources */ = {isa = PBXBuildFile; fileRef = 06C268982A75EF67002932E7 /* FruitRowView.swift */; };
		06C2689B2A75F17F002932E7 /* FruitDetailView.swift in Sources */ = {isa = PBXBuildFile; fileRef = 06C2689A2A75F17F002932E7 /* FruitDetailView.swift */; };
		06C2689D2A75F332002932E7 /* FruitHeaderView.swift in Sources */ = {isa = PBXBuildFile; fileRef = 06C2689C2A75F332002932E7 /* FruitHeaderView.swift */; };
		06C2689F2A75F3BF002932E7 /* FruitNutrientsView.swift in Sources */ = {isa = PBXBuildFile; fileRef = 06C2689E2A75F3BF002932E7 /* FruitNutrientsView.swift */; };
		06C268A12A75F402002932E7 /* SourceLinkView.swift in Sources */ = {isa = PBXBuildFile; fileRef = 06C268A02A75F402002932E7 /* SourceLinkView.swift */; };
		06C268A32A75F6D6002932E7 /* SettingsView.swift in Sources */ = {isa = PBXBuildFile; fileRef = 06C268A22A75F6D6002932E7 /* SettingsView.swift */; };
		06C268A52A75F9DB002932E7 /* SettingsLabelView.swift in Sources */ = {isa = PBXBuildFile; fileRef = 06C268A42A75F9DB002932E7 /* SettingsLabelView.swift */; };
		06C268A72A75FA86002932E7 /* SettingsRowView.swift in Sources */ = {isa = PBXBuildFile; fileRef = 06C268A62A75FA86002932E7 /* SettingsRowView.swift */; };
/* End PBXBuildFile section */

/* Begin PBXFileReference section */
		06C268762A75E3EB002932E7 /* Fructus.app */ = {isa = PBXFileReference; explicitFileType = wrapper.application; includeInIndex = 0; path = Fructus.app; sourceTree = BUILT_PRODUCTS_DIR; };
		06C268792A75E3EB002932E7 /* FructusApp.swift */ = {isa = PBXFileReference; lastKnownFileType = sourcecode.swift; path = FructusApp.swift; sourceTree = "<group>"; };
		06C2687B2A75E3EB002932E7 /* ContentView.swift */ = {isa = PBXFileReference; lastKnownFileType = sourcecode.swift; path = ContentView.swift; sourceTree = "<group>"; };
		06C2687D2A75E3ED002932E7 /* Assets.xcassets */ = {isa = PBXFileReference; lastKnownFileType = folder.assetcatalog; path = Assets.xcassets; sourceTree = "<group>"; };
		06C268802A75E3ED002932E7 /* Preview Assets.xcassets */ = {isa = PBXFileReference; lastKnownFileType = folder.assetcatalog; path = "Preview Assets.xcassets"; sourceTree = "<group>"; };
		06C2688C2A75E620002932E7 /* FruitCardView.swift */ = {isa = PBXFileReference; lastKnownFileType = sourcecode.swift; path = FruitCardView.swift; sourceTree = "<group>"; };
		06C2688E2A75E89C002932E7 /* StartButtonView.swift */ = {isa = PBXFileReference; lastKnownFileType = sourcecode.swift; path = StartButtonView.swift; sourceTree = "<group>"; };
		06C268902A75E9BD002932E7 /* OnboardingView.swift */ = {isa = PBXFileReference; lastKnownFileType = sourcecode.swift; path = OnboardingView.swift; sourceTree = "<group>"; };
		06C268932A75EB2C002932E7 /* FruitModel.swift */ = {isa = PBXFileReference; lastKnownFileType = sourcecode.swift; path = FruitModel.swift; sourceTree = "<group>"; };
		06C268962A75EBA6002932E7 /* FruitData.swift */ = {isa = PBXFileReference; lastKnownFileType = sourcecode.swift; path = FruitData.swift; sourceTree = "<group>"; };
		06C268982A75EF67002932E7 /* FruitRowView.swift */ = {isa = PBXFileReference; lastKnownFileType = sourcecode.swift; path = FruitRowView.swift; sourceTree = "<group>"; };
		06C2689A2A75F17F002932E7 /* FruitDetailView.swift */ = {isa = PBXFileReference; lastKnownFileType = sourcecode.swift; path = FruitDetailView.swift; sourceTree = "<group>"; };
		06C2689C2A75F332002932E7 /* FruitHeaderView.swift */ = {isa = PBXFileReference; lastKnownFileType = sourcecode.swift; path = FruitHeaderView.swift; sourceTree = "<group>"; };
		06C2689E2A75F3BF002932E7 /* FruitNutrientsView.swift */ = {isa = PBXFileReference; lastKnownFileType = sourcecode.swift; path = FruitNutrientsView.swift; sourceTree = "<group>"; };
		06C268A02A75F402002932E7 /* SourceLinkView.swift */ = {isa = PBXFileReference; lastKnownFileType = sourcecode.swift; path = SourceLinkView.swift; sourceTree = "<group>"; };
		06C268A22A75F6D6002932E7 /* SettingsView.swift */ = {isa = PBXFileReference; lastKnownFileType = sourcecode.swift; path = SettingsView.swift; sourceTree = "<group>"; };
		06C268A42A75F9DB002932E7 /* SettingsLabelView.swift */ = {isa = PBXFileReference; lastKnownFileType = sourcecode.swift; path = SettingsLabelView.swift; sourceTree = "<group>"; };
		06C268A62A75FA86002932E7 /* SettingsRowView.swift */ = {isa = PBXFileReference; lastKnownFileType = sourcecode.swift; path = SettingsRowView.swift; sourceTree = "<group>"; };
/* End PBXFileReference section */

/* Begin PBXFrameworksBuildPhase section */
		06C268732A75E3EB002932E7 /* Frameworks */ = {
			isa = PBXFrameworksBuildPhase;
			buildActionMask = 2147483647;
			files = (
			);
			runOnlyForDeploymentPostprocessing = 0;
		};
/* End PBXFrameworksBuildPhase section */

/* Begin PBXGroup section */
		06C2686D2A75E3EB002932E7 = {
			isa = PBXGroup;
			children = (
				06C268782A75E3EB002932E7 /* Fructus */,
				06C268772A75E3EB002932E7 /* Products */,
			);
			sourceTree = "<group>";
		};
		06C268772A75E3EB002932E7 /* Products */ = {
			isa = PBXGroup;
			children = (
				06C268762A75E3EB002932E7 /* Fructus.app */,
			);
			name = Products;
			sourceTree = "<group>";
		};
		06C268782A75E3EB002932E7 /* Fructus */ = {
			isa = PBXGroup;
			children = (
				06C268952A75EB9C002932E7 /* Data */,
				06C268922A75EB21002932E7 /* Model */,
				06C2688B2A75E5FF002932E7 /* View */,
				06C2688A2A75E5D4002932E7 /* Screens */,
				06C268792A75E3EB002932E7 /* FructusApp.swift */,
				06C2687D2A75E3ED002932E7 /* Assets.xcassets */,
				06C2687F2A75E3ED002932E7 /* Preview Content */,
			);
			path = Fructus;
			sourceTree = "<group>";
		};
		06C2687F2A75E3ED002932E7 /* Preview Content */ = {
			isa = PBXGroup;
			children = (
				06C268802A75E3ED002932E7 /* Preview Assets.xcassets */,
			);
			path = "Preview Content";
			sourceTree = "<group>";
		};
		06C2688A2A75E5D4002932E7 /* Screens */ = {
			isa = PBXGroup;
			children = (
				06C2687B2A75E3EB002932E7 /* ContentView.swift */,
				06C268902A75E9BD002932E7 /* OnboardingView.swift */,
				06C268A22A75F6D6002932E7 /* SettingsView.swift */,
				06C268A62A75FA86002932E7 /* SettingsRowView.swift */,
				06C2689A2A75F17F002932E7 /* FruitDetailView.swift */,
			);
			path = Screens;
			sourceTree = "<group>";
		};
		06C2688B2A75E5FF002932E7 /* View */ = {
			isa = PBXGroup;
			children = (
				06C2688C2A75E620002932E7 /* FruitCardView.swift */,
				06C2688E2A75E89C002932E7 /* StartButtonView.swift */,
				06C268A42A75F9DB002932E7 /* SettingsLabelView.swift */,
				06C268982A75EF67002932E7 /* FruitRowView.swift */,
				06C2689E2A75F3BF002932E7 /* FruitNutrientsView.swift */,
				06C268A02A75F402002932E7 /* SourceLinkView.swift */,
				06C2689C2A75F332002932E7 /* FruitHeaderView.swift */,
			);
			path = View;
			sourceTree = "<group>";
		};
		06C268922A75EB21002932E7 /* Model */ = {
			isa = PBXGroup;
			children = (
				06C268932A75EB2C002932E7 /* FruitModel.swift */,
			);
			path = Model;
			sourceTree = "<group>";
		};
		06C268952A75EB9C002932E7 /* Data */ = {
			isa = PBXGroup;
			children = (
				06C268962A75EBA6002932E7 /* FruitData.swift */,
			);
			path = Data;
			sourceTree = "<group>";
		};
/* End PBXGroup section */

/* Begin PBXNativeTarget section */
		06C268752A75E3EB002932E7 /* Fructus */ = {
			isa = PBXNativeTarget;
			buildConfigurationList = 06C268842A75E3ED002932E7 /* Build configuration list for PBXNativeTarget "Fructus" */;
			buildPhases = (
				06C268722A75E3EB002932E7 /* Sources */,
				06C268732A75E3EB002932E7 /* Frameworks */,
				06C268742A75E3EB002932E7 /* Resources */,
			);
			buildRules = (
			);
			dependencies = (
			);
			name = Fructus;
			productName = Fructus;
			productReference = 06C268762A75E3EB002932E7 /* Fructus.app */;
			productType = "com.apple.product-type.application";
		};
/* End PBXNativeTarget section */

/* Begin PBXProject section */
		06C2686E2A75E3EB002932E7 /* Project object */ = {
			isa = PBXProject;
			attributes = {
				BuildIndependentTargetsInParallel = 1;
				LastSwiftUpdateCheck = 1430;
				LastUpgradeCheck = 1430;
				TargetAttributes = {
					06C268752A75E3EB002932E7 = {
						CreatedOnToolsVersion = 14.3.1;
					};
				};
			};
			buildConfigurationList = 06C268712A75E3EB002932E7 /* Build configuration list for PBXProject "Fructus" */;
			compatibilityVersion = "Xcode 14.0";
			developmentRegion = en;
			hasScannedForEncodings = 0;
			knownRegions = (
				en,
				Base,
			);
			mainGroup = 06C2686D2A75E3EB002932E7;
			productRefGroup = 06C268772A75E3EB002932E7 /* Products */;
			projectDirPath = "";
			projectRoot = "";
			targets = (
				06C268752A75E3EB002932E7 /* Fructus */,
			);
		};
/* End PBXProject section */

/* Begin PBXResourcesBuildPhase section */
		06C268742A75E3EB002932E7 /* Resources */ = {
			isa = PBXResourcesBuildPhase;
			buildActionMask = 2147483647;
			files = (
				06C268812A75E3ED002932E7 /* Preview Assets.xcassets in Resources */,
				06C2687E2A75E3ED002932E7 /* Assets.xcassets in Resources */,
			);
			runOnlyForDeploymentPostprocessing = 0;
		};
/* End PBXResourcesBuildPhase section */

/* Begin PBXSourcesBuildPhase section */
		06C268722A75E3EB002932E7 /* Sources */ = {
			isa = PBXSourcesBuildPhase;
			buildActionMask = 2147483647;
			files = (
				06C268972A75EBA6002932E7 /* FruitData.swift in Sources */,
				06C2688D2A75E620002932E7 /* FruitCardView.swift in Sources */,
				06C268A72A75FA86002932E7 /* SettingsRowView.swift in Sources */,
				06C268992A75EF67002932E7 /* FruitRowView.swift in Sources */,
				06C2688F2A75E89C002932E7 /* StartButtonView.swift in Sources */,
				06C2689B2A75F17F002932E7 /* FruitDetailView.swift in Sources */,
				06C2689F2A75F3BF002932E7 /* FruitNutrientsView.swift in Sources */,
				06C2687C2A75E3EB002932E7 /* ContentView.swift in Sources */,
				06C2689D2A75F332002932E7 /* FruitHeaderView.swift in Sources */,
				06C268912A75E9BD002932E7 /* OnboardingView.swift in Sources */,
				06C268A12A75F402002932E7 /* SourceLinkView.swift in Sources */,
				06C268A52A75F9DB002932E7 /* SettingsLabelView.swift in Sources */,
				06C268942A75EB2C002932E7 /* FruitModel.swift in Sources */,
				06C2687A2A75E3EB002932E7 /* FructusApp.swift in Sources */,
				06C268A32A75F6D6002932E7 /* SettingsView.swift in Sources */,
			);
			runOnlyForDeploymentPostprocessing = 0;
		};
/* End PBXSourcesBuildPhase section */

/* Begin XCBuildConfiguration section */
		06C268822A75E3ED002932E7 /* Debug */ = {
			isa = XCBuildConfiguration;
			buildSettings = {
				ALWAYS_SEARCH_USER_PATHS = NO;
				CLANG_ANALYZER_NONNULL = YES;
				CLANG_ANALYZER_NUMBER_OBJECT_CONVERSION = YES_AGGRESSIVE;
				CLANG_CXX_LANGUAGE_STANDARD = "gnu++20";
				CLANG_ENABLE_MODULES = YES;
				CLANG_ENABLE_OBJC_ARC = YES;
				CLANG_ENABLE_OBJC_WEAK = YES;
				CLANG_WARN_BLOCK_CAPTURE_AUTORELEASING = YES;
				CLANG_WARN_BOOL_CONVERSION = YES;
				CLANG_WARN_COMMA = YES;
				CLANG_WARN_CONSTANT_CONVERSION = YES;
				CLANG_WARN_DEPRECATED_OBJC_IMPLEMENTATIONS = YES;
				CLANG_WARN_DIRECT_OBJC_ISA_USAGE = YES_ERROR;
				CLANG_WARN_DOCUMENTATION_COMMENTS = YES;
				CLANG_WARN_EMPTY_BODY = YES;
				CLANG_WARN_ENUM_CONVERSION = YES;
				CLANG_WARN_INFINITE_RECURSION = YES;
				CLANG_WARN_INT_CONVERSION = YES;
				CLANG_WARN_NON_LITERAL_NULL_CONVERSION = YES;
				CLANG_WARN_OBJC_IMPLICIT_RETAIN_SELF = YES;
				CLANG_WARN_OBJC_LITERAL_CONVERSION = YES;
				CLANG_WARN_OBJC_ROOT_CLASS = YES_ERROR;
				CLANG_WARN_QUOTED_INCLUDE_IN_FRAMEWORK_HEADER = YES;
				CLANG_WARN_RANGE_LOOP_ANALYSIS = YES;
				CLANG_WARN_STRICT_PROTOTYPES = YES;
				CLANG_WARN_SUSPICIOUS_MOVE = YES;
				CLANG_WARN_UNGUARDED_AVAILABILITY = YES_AGGRESSIVE;
				CLANG_WARN_UNREACHABLE_CODE = YES;
				CLANG_WARN__DUPLICATE_METHOD_MATCH = YES;
				COPY_PHASE_STRIP = NO;
				DEBUG_INFORMATION_FORMAT = dwarf;
				ENABLE_STRICT_OBJC_MSGSEND = YES;
				ENABLE_TESTABILITY = YES;
				GCC_C_LANGUAGE_STANDARD = gnu11;
				GCC_DYNAMIC_NO_PIC = NO;
				GCC_NO_COMMON_BLOCKS = YES;
				GCC_OPTIMIZATION_LEVEL = 0;
				GCC_PREPROCESSOR_DEFINITIONS = (
					"DEBUG=1",
					"$(inherited)",
				);
				GCC_WARN_64_TO_32_BIT_CONVERSION = YES;
				GCC_WARN_ABOUT_RETURN_TYPE = YES_ERROR;
				GCC_WARN_UNDECLARED_SELECTOR = YES;
				GCC_WARN_UNINITIALIZED_AUTOS = YES_AGGRESSIVE;
				GCC_WARN_UNUSED_FUNCTION = YES;
				GCC_WARN_UNUSED_VARIABLE = YES;
				IPHONEOS_DEPLOYMENT_TARGET = 16.4;
				MTL_ENABLE_DEBUG_INFO = INCLUDE_SOURCE;
				MTL_FAST_MATH = YES;
				ONLY_ACTIVE_ARCH = YES;
				SDKROOT = iphoneos;
				SWIFT_ACTIVE_COMPILATION_CONDITIONS = DEBUG;
				SWIFT_OPTIMIZATION_LEVEL = "-Onone";
			};
			name = Debug;
		};
		06C268832A75E3ED002932E7 /* Release */ = {
			isa = XCBuildConfiguration;
			buildSettings = {
				ALWAYS_SEARCH_USER_PATHS = NO;
				CLANG_ANALYZER_NONNULL = YES;
				CLANG_ANALYZER_NUMBER_OBJECT_CONVERSION = YES_AGGRESSIVE;
				CLANG_CXX_LANGUAGE_STANDARD = "gnu++20";
				CLANG_ENABLE_MODULES = YES;
				CLANG_ENABLE_OBJC_ARC = YES;
				CLANG_ENABLE_OBJC_WEAK = YES;
				CLANG_WARN_BLOCK_CAPTURE_AUTORELEASING = YES;
				CLANG_WARN_BOOL_CONVERSION = YES;
				CLANG_WARN_COMMA = YES;
				CLANG_WARN_CONSTANT_CONVERSION = YES;
				CLANG_WARN_DEPRECATED_OBJC_IMPLEMENTATIONS = YES;
				CLANG_WARN_DIRECT_OBJC_ISA_USAGE = YES_ERROR;
				CLANG_WARN_DOCUMENTATION_COMMENTS = YES;
				CLANG_WARN_EMPTY_BODY = YES;
				CLANG_WARN_ENUM_CONVERSION = YES;
				CLANG_WARN_INFINITE_RECURSION = YES;
				CLANG_WARN_INT_CONVERSION = YES;
				CLANG_WARN_NON_LITERAL_NULL_CONVERSION = YES;
				CLANG_WARN_OBJC_IMPLICIT_RETAIN_SELF = YES;
				CLANG_WARN_OBJC_LITERAL_CONVERSION = YES;
				CLANG_WARN_OBJC_ROOT_CLASS = YES_ERROR;
				CLANG_WARN_QUOTED_INCLUDE_IN_FRAMEWORK_HEADER = YES;
				CLANG_WARN_RANGE_LOOP_ANALYSIS = YES;
				CLANG_WARN_STRICT_PROTOTYPES = YES;
				CLANG_WARN_SUSPICIOUS_MOVE = YES;
				CLANG_WARN_UNGUARDED_AVAILABILITY = YES_AGGRESSIVE;
				CLANG_WARN_UNREACHABLE_CODE = YES;
				CLANG_WARN__DUPLICATE_METHOD_MATCH = YES;
				COPY_PHASE_STRIP = NO;
				DEBUG_INFORMATION_FORMAT = "dwarf-with-dsym";
				ENABLE_NS_ASSERTIONS = NO;
				ENABLE_STRICT_OBJC_MSGSEND = YES;
				GCC_C_LANGUAGE_STANDARD = gnu11;
				GCC_NO_COMMON_BLOCKS = YES;
				GCC_WARN_64_TO_32_BIT_CONVERSION = YES;
				GCC_WARN_ABOUT_RETURN_TYPE = YES_ERROR;
				GCC_WARN_UNDECLARED_SELECTOR = YES;
				GCC_WARN_UNINITIALIZED_AUTOS = YES_AGGRESSIVE;
				GCC_WARN_UNUSED_FUNCTION = YES;
				GCC_WARN_UNUSED_VARIABLE = YES;
				IPHONEOS_DEPLOYMENT_TARGET = 16.4;
				MTL_ENABLE_DEBUG_INFO = NO;
				MTL_FAST_MATH = YES;
				SDKROOT = iphoneos;
				SWIFT_COMPILATION_MODE = wholemodule;
				SWIFT_OPTIMIZATION_LEVEL = "-O";
				VALIDATE_PRODUCT = YES;
			};
			name = Release;
		};
		06C268852A75E3ED002932E7 /* Debug */ = {
			isa = XCBuildConfiguration;
			buildSettings = {
				ASSETCATALOG_COMPILER_APPICON_NAME = AppIcon;
				ASSETCATALOG_COMPILER_GLOBAL_ACCENT_COLOR_NAME = AccentColor;
				CODE_SIGN_STYLE = Automatic;
				CURRENT_PROJECT_VERSION = 1;
				DEVELOPMENT_ASSET_PATHS = "\"Fructus/Preview Content\"";
				DEVELOPMENT_TEAM = TV2M6PV3A8;
				ENABLE_PREVIEWS = YES;
				GENERATE_INFOPLIST_FILE = YES;
				INFOPLIST_KEY_UIApplicationSceneManifest_Generation = YES;
				INFOPLIST_KEY_UIApplicationSupportsIndirectInputEvents = YES;
				INFOPLIST_KEY_UILaunchScreen_Generation = YES;
				INFOPLIST_KEY_UISupportedInterfaceOrientations = UIInterfaceOrientationPortrait;
				LD_RUNPATH_SEARCH_PATHS = (
					"$(inherited)",
					"@executable_path/Frameworks",
				);
				MARKETING_VERSION = 1.0;
				PRODUCT_BUNDLE_IDENTIFIER = com.matheusxavier.Fructus;
				PRODUCT_NAME = "$(TARGET_NAME)";
				SWIFT_EMIT_LOC_STRINGS = YES;
				SWIFT_VERSION = 5.0;
				TARGETED_DEVICE_FAMILY = "1,2";
			};
			name = Debug;
		};
		06C268862A75E3ED002932E7 /* Release */ = {
			isa = XCBuildConfiguration;
			buildSettings = {
				ASSETCATALOG_COMPILER_APPICON_NAME = AppIcon;
				ASSETCATALOG_COMPILER_GLOBAL_ACCENT_COLOR_NAME = AccentColor;
				CODE_SIGN_STYLE = Automatic;
				CURRENT_PROJECT_VERSION = 1;
				DEVELOPMENT_ASSET_PATHS = "\"Fructus/Preview Content\"";
				DEVELOPMENT_TEAM = TV2M6PV3A8;
				ENABLE_PREVIEWS = YES;
				GENERATE_INFOPLIST_FILE = YES;
				INFOPLIST_KEY_UIApplicationSceneManifest_Generation = YES;
				INFOPLIST_KEY_UIApplicationSupportsIndirectInputEvents = YES;
				INFOPLIST_KEY_UILaunchScreen_Generation = YES;
				INFOPLIST_KEY_UISupportedInterfaceOrientations = UIInterfaceOrientationPortrait;
				LD_RUNPATH_SEARCH_PATHS = (
					"$(inherited)",
					"@executable_path/Frameworks",
				);
				MARKETING_VERSION = 1.0;
				PRODUCT_BUNDLE_IDENTIFIER = com.matheusxavier.Fructus;
				PRODUCT_NAME = "$(TARGET_NAME)";
				SWIFT_EMIT_LOC_STRINGS = YES;
				SWIFT_VERSION = 5.0;
				TARGETED_DEVICE_FAMILY = "1,2";
			};
			name = Release;
		};
/* End XCBuildConfiguration section */

/* Begin XCConfigurationList section */
		06C268712A75E3EB002932E7 /* Build configuration list for PBXProject "Fructus" */ = {
			isa = XCConfigurationList;
			buildConfigurations = (
				06C268822A75E3ED002932E7 /* Debug */,
				06C268832A75E3ED002932E7 /* Release */,
			);
			defaultConfigurationIsVisible = 0;
			defaultConfigurationName = Release;
		};
		06C268842A75E3ED002932E7 /* Build configuration list for PBXNativeTarget "Fructus" */ = {
			isa = XCConfigurationList;
			buildConfigurations = (
				06C268852A75E3ED002932E7 /* Debug */,
				06C268862A75E3ED002932E7 /* Release */,
			);
			defaultConfigurationIsVisible = 0;
			defaultConfigurationName = Release;
		};
/* End XCConfigurationList section */
	};
	rootObject = 06C2686E2A75E3EB002932E7 /* Project object */;
}
